
Microsoft Visual Studio Solution File, Format Version 12.00
# Visual Studio Version 17
VisualStudioVersion = 17.13.35931.197
MinimumVisualStudioVersion = 10.0.40219.1
Project("{FAE04EC0-301F-11D3-BF4B-00C04F79EFBC}") = "Kalix", "Kalix4.1\Kalix.csproj", "{5354EEB9-1939-43C6-9DFB-DD2C4100B4A7}"
EndProject
Global
	GlobalSection(SolutionConfigurationPlatforms) = preSolution
		Debug|Any CPU = Debug|Any CPU
		Release|Any CPU = Release|Any CPU
	EndGlobalSection
	GlobalSection(ProjectConfigurationPlatforms) = postSolution
		{5354EEB9-1939-43C6-9DFB-DD2C4100B4A7}.Debug|Any CPU.ActiveCfg = Debug|Any CPU
		{5354EEB9-1939-43C6-9DFB-DD2C4100B4A7}.Debug|Any CPU.Build.0 = Debug|Any CPU
		{5354EEB9-1939-43C6-9DFB-DD2C4100B4A7}.Release|Any CPU.ActiveCfg = Release|Any CPU
		{5354EEB9-1939-43C6-9DFB-DD2C4100B4A7}.Release|Any CPU.Build.0 = Release|Any CPU
	EndGlobalSection
	GlobalSection(SolutionProperties) = preSolution
		HideSolutionNode = FALSE
	EndGlobalSection
	GlobalSection(ExtensibilityGlobals) = postSolution
		SolutionGuid = {4758C9E5-7E8D-4BA2-A3BC-9BB629B67290}
	EndGlobalSection
EndGlobal
